
Microsoft Visual Studio Solution File, Format Version 12.00
# Visual Studio 15
VisualStudioVersion = 15.0.28307.136
MinimumVisualStudioVersion = 10.0.40219.1
Project("{FAE04EC0-301F-11D3-BF4B-00C04F79EFBC}") = "DosyagWpf", "DosyagWpf\DosyagWpf.csproj", "{E11C5813-6175-4974-85CB-1431490FD8DF}"
EndProject
Project("{8BC9CEB8-8B4A-11D0-8D11-00A0C91BC942}") = "DosyagDll", "DosyagDll\DosyagDll.vcxproj", "{91AA1557-D480-4B20-919C-5AADF67FBED1}"
EndProject
Project("{FAE04EC0-301F-11D3-BF4B-00C04F79EFBC}") = "WpfApp1", "WpfApp1\WpfApp1.csproj", "{044C1804-E3C4-44E6-A6EC-E3039DECE307}"
EndProject
Project("{8BC9CEB8-8B4A-11D0-8D11-00A0C91BC942}") = "ConsoleTesterDosyagDll", "ConsoleTesterDosyagDll\ConsoleTesterDosyagDll.vcxproj", "{83A497CD-8BCE-415A-82C1-1CE5CE0CE11B}"
EndProject
Project("{8BC9CEB8-8B4A-11D0-8D11-00A0C91BC942}") = "ConsoleApplication1", "ConsoleApplication1\ConsoleApplication1.vcxproj", "{240A3427-932D-4DFE-95E7-35D11C7E066E}"
EndProject
Project("{FAE04EC0-301F-11D3-BF4B-00C04F79EFBC}") = "WPFNX", "WPFNX\WPFNX.csproj", "{F7993252-E703-44EF-92CD-5BECB649A7BD}"
EndProject
Global
	GlobalSection(SolutionConfigurationPlatforms) = preSolution
		Debug|Any CPU = Debug|Any CPU
		Debug|x64 = Debug|x64
		Debug|x86 = Debug|x86
		Release|Any CPU = Release|Any CPU
		Release|x64 = Release|x64
		Release|x86 = Release|x86
	EndGlobalSection
	GlobalSection(ProjectConfigurationPlatforms) = postSolution
		{E11C5813-6175-4974-85CB-1431490FD8DF}.Debug|Any CPU.ActiveCfg = Debug|Any CPU
		{E11C5813-6175-4974-85CB-1431490FD8DF}.Debug|Any CPU.Build.0 = Debug|Any CPU
		{E11C5813-6175-4974-85CB-1431490FD8DF}.Debug|x64.ActiveCfg = Debug|Any CPU
		{E11C5813-6175-4974-85CB-1431490FD8DF}.Debug|x64.Build.0 = Debug|Any CPU
		{E11C5813-6175-4974-85CB-1431490FD8DF}.Debug|x86.ActiveCfg = Debug|Any CPU
		{E11C5813-6175-4974-85CB-1431490FD8DF}.Debug|x86.Build.0 = Debug|Any CPU
		{E11C5813-6175-4974-85CB-1431490FD8DF}.Release|Any CPU.ActiveCfg = Release|Any CPU
		{E11C5813-6175-4974-85CB-1431490FD8DF}.Release|Any CPU.Build.0 = Release|Any CPU
		{E11C5813-6175-4974-85CB-1431490FD8DF}.Release|x64.ActiveCfg = Release|Any CPU
		{E11C5813-6175-4974-85CB-1431490FD8DF}.Release|x64.Build.0 = Release|Any CPU
		{E11C5813-6175-4974-85CB-1431490FD8DF}.Release|x86.ActiveCfg = Release|Any CPU
		{E11C5813-6175-4974-85CB-1431490FD8DF}.Release|x86.Build.0 = Release|Any CPU
		{91AA1557-D480-4B20-919C-5AADF67FBED1}.Debug|Any CPU.ActiveCfg = Debug|Win32
		{91AA1557-D480-4B20-919C-5AADF67FBED1}.Debug|Any CPU.Build.0 = Debug|Win32
		{91AA1557-D480-4B20-919C-5AADF67FBED1}.Debug|x64.ActiveCfg = Debug|x64
		{91AA1557-D480-4B20-919C-5AADF67FBED1}.Debug|x64.Build.0 = Debug|x64
		{91AA1557-D480-4B20-919C-5AADF67FBED1}.Debug|x86.ActiveCfg = Debug|Win32
		{91AA1557-D480-4B20-919C-5AADF67FBED1}.Debug|x86.Build.0 = Debug|Win32
		{91AA1557-D480-4B20-919C-5AADF67FBED1}.Release|Any CPU.ActiveCfg = Release|Win32
		{91AA1557-D480-4B20-919C-5AADF67FBED1}.Release|x64.ActiveCfg = Release|x64
		{91AA1557-D480-4B20-919C-5AADF67FBED1}.Release|x64.Build.0 = Release|x64
		{91AA1557-D480-4B20-919C-5AADF67FBED1}.Release|x86.ActiveCfg = Release|Win32
		{91AA1557-D480-4B20-919C-5AADF67FBED1}.Release|x86.Build.0 = Release|Win32
		{044C1804-E3C4-44E6-A6EC-E3039DECE307}.Debug|Any CPU.ActiveCfg = Debug|Any CPU
		{044C1804-E3C4-44E6-A6EC-E3039DECE307}.Debug|Any CPU.Build.0 = Debug|Any CPU
		{044C1804-E3C4-44E6-A6EC-E3039DECE307}.Debug|x64.ActiveCfg = Debug|Any CPU
		{044C1804-E3C4-44E6-A6EC-E3039DECE307}.Debug|x64.Build.0 = Debug|Any CPU
		{044C1804-E3C4-44E6-A6EC-E3039DECE307}.Debug|x86.ActiveCfg = Debug|Any CPU
		{044C1804-E3C4-44E6-A6EC-E3039DECE307}.Debug|x86.Build.0 = Debug|Any CPU
		{044C1804-E3C4-44E6-A6EC-E3039DECE307}.Release|Any CPU.ActiveCfg = Release|Any CPU
		{044C1804-E3C4-44E6-A6EC-E3039DECE307}.Release|Any CPU.Build.0 = Release|Any CPU
		{044C1804-E3C4-44E6-A6EC-E3039DECE307}.Release|x64.ActiveCfg = Release|Any CPU
		{044C1804-E3C4-44E6-A6EC-E3039DECE307}.Release|x64.Build.0 = Release|Any CPU
		{044C1804-E3C4-44E6-A6EC-E3039DECE307}.Release|x86.ActiveCfg = Release|Any CPU
		{044C1804-E3C4-44E6-A6EC-E3039DECE307}.Release|x86.Build.0 = Release|Any CPU
		{83A497CD-8BCE-415A-82C1-1CE5CE0CE11B}.Debug|Any CPU.ActiveCfg = Debug|Win32
		{83A497CD-8BCE-415A-82C1-1CE5CE0CE11B}.Debug|Any CPU.Build.0 = Debug|Win32
		{83A497CD-8BCE-415A-82C1-1CE5CE0CE11B}.Debug|x64.ActiveCfg = Debug|x64
		{83A497CD-8BCE-415A-82C1-1CE5CE0CE11B}.Debug|x64.Build.0 = Debug|x64
		{83A497CD-8BCE-415A-82C1-1CE5CE0CE11B}.Debug|x86.ActiveCfg = Debug|Win32
		{83A497CD-8BCE-415A-82C1-1CE5CE0CE11B}.Debug|x86.Build.0 = Debug|Win32
		{83A497CD-8BCE-415A-82C1-1CE5CE0CE11B}.Release|Any CPU.ActiveCfg = Release|Win32
		{83A497CD-8BCE-415A-82C1-1CE5CE0CE11B}.Release|x64.ActiveCfg = Release|x64
		{83A497CD-8BCE-415A-82C1-1CE5CE0CE11B}.Release|x64.Build.0 = Release|x64
		{83A497CD-8BCE-415A-82C1-1CE5CE0CE11B}.Release|x86.ActiveCfg = Release|Win32
		{83A497CD-8BCE-415A-82C1-1CE5CE0CE11B}.Release|x86.Build.0 = Release|Win32
		{240A3427-932D-4DFE-95E7-35D11C7E066E}.Debug|Any CPU.ActiveCfg = Debug|Win32
		{240A3427-932D-4DFE-95E7-35D11C7E066E}.Debug|x64.ActiveCfg = Debug|x64
		{240A3427-932D-4DFE-95E7-35D11C7E066E}.Debug|x64.Build.0 = Debug|x64
		{240A3427-932D-4DFE-95E7-35D11C7E066E}.Debug|x86.ActiveCfg = Debug|Win32
		{240A3427-932D-4DFE-95E7-35D11C7E066E}.Debug|x86.Build.0 = Debug|Win32
		{240A3427-932D-4DFE-95E7-35D11C7E066E}.Release|Any CPU.ActiveCfg = Release|Win32
		{240A3427-932D-4DFE-95E7-35D11C7E066E}.Release|x64.ActiveCfg = Release|x64
		{240A3427-932D-4DFE-95E7-35D11C7E066E}.Release|x64.Build.0 = Release|x64
		{240A3427-932D-4DFE-95E7-35D11C7E066E}.Release|x86.ActiveCfg = Release|Win32
		{240A3427-932D-4DFE-95E7-35D11C7E066E}.Release|x86.Build.0 = Release|Win32
		{F7993252-E703-44EF-92CD-5BECB649A7BD}.Debug|Any CPU.ActiveCfg = Debug|Any CPU
		{F7993252-E703-44EF-92CD-5BECB649A7BD}.Debug|Any CPU.Build.0 = Debug|Any CPU
		{F7993252-E703-44EF-92CD-5BECB649A7BD}.Debug|x64.ActiveCfg = Debug|Any CPU
		{F7993252-E703-44EF-92CD-5BECB649A7BD}.Debug|x64.Build.0 = Debug|Any CPU
		{F7993252-E703-44EF-92CD-5BECB649A7BD}.Debug|x86.ActiveCfg = Debug|Any CPU
		{F7993252-E703-44EF-92CD-5BECB649A7BD}.Debug|x86.Build.0 = Debug|Any CPU
		{F7993252-E703-44EF-92CD-5BECB649A7BD}.Release|Any CPU.ActiveCfg = Release|Any CPU
		{F7993252-E703-44EF-92CD-5BECB649A7BD}.Release|Any CPU.Build.0 = Release|Any CPU
		{F7993252-E703-44EF-92CD-5BECB649A7BD}.Release|x64.ActiveCfg = Release|Any CPU
		{F7993252-E703-44EF-92CD-5BECB649A7BD}.Release|x64.Build.0 = Release|Any CPU
		{F7993252-E703-44EF-92CD-5BECB649A7BD}.Release|x86.ActiveCfg = Release|Any CPU
		{F7993252-E703-44EF-92CD-5BECB649A7BD}.Release|x86.Build.0 = Release|Any CPU
	EndGlobalSection
	GlobalSection(SolutionProperties) = preSolution
		HideSolutionNode = FALSE
	EndGlobalSection
	GlobalSection(ExtensibilityGlobals) = postSolution
		SolutionGuid = {79BE2807-A577-40A7-970B-3D3CFB44057E}
	EndGlobalSection
EndGlobal
